# THIS IS AN AUTOGENERATED FILE. DO NOT EDIT THIS FILE DIRECTLY.
# yarn lockfile v1


bats@^1.8.2:
  version "1.8.2"
  resolved "https://registry.yarnpkg.com/bats/-/bats-1.8.2.tgz#bdbaa7690a18f04291b35144a8ce5435cffb8dc5"
  integrity sha512-KLUIaPYuIMjqui8MbZmK84+CiwhjFVFAhFy5PXP0prLbkovc5faVzc+Qaowbz76F97zP573JrF31ODFAH7vzhg==
